
Microsoft Visual Studio Solution File, Format Version 12.00
# Visual Studio Version 17
VisualStudioVersion = 17.13.35931.197
MinimumVisualStudioVersion = 10.0.40219.1
Project("{FAE04EC0-301F-11D3-BF4B-00C04F79EFBC}") = "WorkflowTakeHome", "WorkflowTakeHome.csproj", "{BAACCD06-B0BA-48EC-882B-4335964691E6}"
EndProject
Project("{2150E333-8FDC-42A3-9474-1A3956D46DE8}") = "Tests", "Tests", "{02EA681E-C7D8-13C7-8484-4AC65E1B71E8}"
EndProject
Project("{FAE04EC0-301F-11D3-BF4B-00C04F79EFBC}") = "WorkflowTakeHome.ServiceUnitTests", "..\Tests\WorkflowTakeHome.ServiceUnitTests\WorkflowTakeHome.ServiceUnitTests.csproj", "{0EB63FD7-E8BE-4AF3-AE98-B9963C6B4780}"
EndProject
Global
	GlobalSection(SolutionConfigurationPlatforms) = preSolution
		Debug|Any CPU = Debug|Any CPU
		Release|Any CPU = Release|Any CPU
	EndGlobalSection
	GlobalSection(ProjectConfigurationPlatforms) = postSolution
		{BAACCD06-B0BA-48EC-882B-4335964691E6}.Debug|Any CPU.ActiveCfg = Debug|Any CPU
		{BAACCD06-B0BA-48EC-882B-4335964691E6}.Debug|Any CPU.Build.0 = Debug|Any CPU
		{BAACCD06-B0BA-48EC-882B-4335964691E6}.Release|Any CPU.ActiveCfg = Release|Any CPU
		{BAACCD06-B0BA-48EC-882B-4335964691E6}.Release|Any CPU.Build.0 = Release|Any CPU
		{0EB63FD7-E8BE-4AF3-AE98-B9963C6B4780}.Debug|Any CPU.ActiveCfg = Debug|Any CPU
		{0EB63FD7-E8BE-4AF3-AE98-B9963C6B4780}.Debug|Any CPU.Build.0 = Debug|Any CPU
		{0EB63FD7-E8BE-4AF3-AE98-B9963C6B4780}.Release|Any CPU.ActiveCfg = Release|Any CPU
		{0EB63FD7-E8BE-4AF3-AE98-B9963C6B4780}.Release|Any CPU.Build.0 = Release|Any CPU
	EndGlobalSection
	GlobalSection(SolutionProperties) = preSolution
		HideSolutionNode = FALSE
	EndGlobalSection
	GlobalSection(NestedProjects) = preSolution
		{0EB63FD7-E8BE-4AF3-AE98-B9963C6B4780} = {02EA681E-C7D8-13C7-8484-4AC65E1B71E8}
	EndGlobalSection
	GlobalSection(ExtensibilityGlobals) = postSolution
		SolutionGuid = {2355EEED-7544-4A42-8B63-7551D443EB4E}
	EndGlobalSection
EndGlobal
